
Microsoft Visual Studio Solution File, Format Version 12.00
# Visual Studio Version 16
VisualStudioVersion = 16.0.30907.101
MinimumVisualStudioVersion = 10.0.40219.1
Project("{FAE04EC0-301F-11D3-BF4B-00C04F79EFBC}") = "classes", "classes\classes.csproj", "{6F07012C-0988-46D8-938F-713ED5023DDF}"
EndProject
Global
	GlobalSection(SolutionConfigurationPlatforms) = preSolution
		Debug|Any CPU = Debug|Any CPU
		Release|Any CPU = Release|Any CPU
	EndGlobalSection
	GlobalSection(ProjectConfigurationPlatforms) = postSolution
		{6F07012C-0988-46D8-938F-713ED5023DDF}.Debug|Any CPU.ActiveCfg = Debug|Any CPU
		{6F07012C-0988-46D8-938F-713ED5023DDF}.Debug|Any CPU.Build.0 = Debug|Any CPU
		{6F07012C-0988-46D8-938F-713ED5023DDF}.Release|Any CPU.ActiveCfg = Release|Any CPU
		{6F07012C-0988-46D8-938F-713ED5023DDF}.Release|Any CPU.Build.0 = Release|Any CPU
	EndGlobalSection
	GlobalSection(SolutionProperties) = preSolution
		HideSolutionNode = FALSE
	EndGlobalSection
	GlobalSection(ExtensibilityGlobals) = postSolution
		SolutionGuid = {A1638F71-D678-473D-91AC-3C154F39F835}
	EndGlobalSection
EndGlobal
